
Microsoft Visual Studio Solution File, Format Version 12.00
# Visual Studio 15
VisualStudioVersion = 15.0.28307.1209
MinimumVisualStudioVersion = 10.0.40219.1
Project("{8BC9CEB8-8B4A-11D0-8D11-00A0C91BC942}") = "Lab2", "Lab2\Lab2.vcxproj", "{39B2C096-3E18-4A4C-A149-1781FAA50BBF}"
EndProject
Global
	GlobalSection(SolutionConfigurationPlatforms) = preSolution
		Debug|x64 = Debug|x64
		Debug|x86 = Debug|x86
		Release|x64 = Release|x64
		Release|x86 = Release|x86
	EndGlobalSection
	GlobalSection(ProjectConfigurationPlatforms) = postSolution
		{39B2C096-3E18-4A4C-A149-1781FAA50BBF}.Debug|x64.ActiveCfg = Debug|x64
		{39B2C096-3E18-4A4C-A149-1781FAA50BBF}.Debug|x64.Build.0 = Debug|x64
		{39B2C096-3E18-4A4C-A149-1781FAA50BBF}.Debug|x86.ActiveCfg = Debug|Win32
		{39B2C096-3E18-4A4C-A149-1781FAA50BBF}.Debug|x86.Build.0 = Debug|Win32
		{39B2C096-3E18-4A4C-A149-1781FAA50BBF}.Release|x64.ActiveCfg = Release|x64
		{39B2C096-3E18-4A4C-A149-1781FAA50BBF}.Release|x64.Build.0 = Release|x64
		{39B2C096-3E18-4A4C-A149-1781FAA50BBF}.Release|x86.ActiveCfg = Release|Win32
		{39B2C096-3E18-4A4C-A149-1781FAA50BBF}.Release|x86.Build.0 = Release|Win32
	EndGlobalSection
	GlobalSection(SolutionProperties) = preSolution
		HideSolutionNode = FALSE
	EndGlobalSection
	GlobalSection(ExtensibilityGlobals) = postSolution
		SolutionGuid = {DBC122F2-BFF9-4738-8D10-EB3F08326F4A}
	EndGlobalSection
EndGlobal
